Microsoft Visual Studio Solution File, Format Version 12.00
# Visual Studio Version 17
VisualStudioVersion = 17.5.2.0
MinimumVisualStudioVersion = 10.0.40219.1
Project("{FAE04EC0-301F-11D3-BF4B-00C04F79EFBC}") = "MovingObject", "MovingObject\MovingObject.csproj", "{5868BED6-0FB9-CA32-6384-6F50CBC3A4DD}"
EndProject
Project("{FAE04EC0-301F-11D3-BF4B-00C04F79EFBC}") = "MovingObjectClient", "MovingObjectClient\MovingObjectClient.csproj", "{14817ECB-D921-D4D9-78D4-EA80C2062F26}"
EndProject
Global
	GlobalSection(SolutionConfigurationPlatforms) = preSolution
		Debug|Any CPU = Debug|Any CPU
		Release|Any CPU = Release|Any CPU
	EndGlobalSection
	GlobalSection(ProjectConfigurationPlatforms) = postSolution
		{5868BED6-0FB9-CA32-6384-6F50CBC3A4DD}.Debug|Any CPU.ActiveCfg = Debug|Any CPU
		{5868BED6-0FB9-CA32-6384-6F50CBC3A4DD}.Debug|Any CPU.Build.0 = Debug|Any CPU
		{5868BED6-0FB9-CA32-6384-6F50CBC3A4DD}.Release|Any CPU.ActiveCfg = Release|Any CPU
		{5868BED6-0FB9-CA32-6384-6F50CBC3A4DD}.Release|Any CPU.Build.0 = Release|Any CPU
		{14817ECB-D921-D4D9-78D4-EA80C2062F26}.Debug|Any CPU.ActiveCfg = Debug|Any CPU
		{14817ECB-D921-D4D9-78D4-EA80C2062F26}.Debug|Any CPU.Build.0 = Debug|Any CPU
		{14817ECB-D921-D4D9-78D4-EA80C2062F26}.Release|Any CPU.ActiveCfg = Release|Any CPU
		{14817ECB-D921-D4D9-78D4-EA80C2062F26}.Release|Any CPU.Build.0 = Release|Any CPU
	EndGlobalSection
	GlobalSection(SolutionProperties) = preSolution
		HideSolutionNode = FALSE
	EndGlobalSection
	GlobalSection(ExtensibilityGlobals) = postSolution
		SolutionGuid = {E7E73750-42D2-41B0-A9BC-0FB9B75461B3}
	EndGlobalSection
EndGlobal
